
Microsoft Visual Studio Solution File, Format Version 12.00
# Visual Studio Version 17
VisualStudioVersion = 17.8.34330.188
MinimumVisualStudioVersion = 10.0.40219.1
Project("{FAE04EC0-301F-11D3-BF4B-00C04F79EFBC}") = "DemoConsole", "DemoConsole\DemoConsole.csproj", "{7FA3ECBC-6EC2-4CFC-916B-6BF6CA001780}"
EndProject
Project("{FAE04EC0-301F-11D3-BF4B-00C04F79EFBC}") = "DemoConsoleTwo", "DemoConsoleTwo\DemoConsoleTwo.csproj", "{66DD2835-822D-41C5-BB92-F894D0A67D10}"
EndProject
Project("{FAE04EC0-301F-11D3-BF4B-00C04F79EFBC}") = "CalcLib", "CalcLib\CalcLib.csproj", "{CF48BD41-56FD-4710-8646-58B359BDBBD8}"
EndProject
Project("{FAE04EC0-301F-11D3-BF4B-00C04F79EFBC}") = "00Demo_OOP", "00Demo_OOP\00Demo_OOP.csproj", "{64A381F8-0110-4855-ADB7-E752AA543F0D}"
EndProject
Project("{FAE04EC0-301F-11D3-BF4B-00C04F79EFBC}") = "02Demo_OOP", "02Demo_OOP\02Demo_OOP.csproj", "{28D199C4-4EB5-4995-89F3-A23A4B33C10F}"
EndProject
Project("{FAE04EC0-301F-11D3-BF4B-00C04F79EFBC}") = "03Demo_OOP", "03Demo_OOP\03Demo_OOP.csproj", "{67BE7D90-8283-434B-A424-D62F97323C76}"
EndProject
Project("{FAE04EC0-301F-11D3-BF4B-00C04F79EFBC}") = "04Demo_OOP", "04Demo_OOP\04Demo_OOP.csproj", "{8AA5E986-E5E7-42C8-B1CD-39F8C47E769E}"
EndProject
Project("{FAE04EC0-301F-11D3-BF4B-00C04F79EFBC}") = "004Demo_OOP", "004Demo_OOP\004Demo_OOP.csproj", "{177D416F-031D-4DF1-BBAA-F946241351F6}"
EndProject
Project("{FAE04EC0-301F-11D3-BF4B-00C04F79EFBC}") = "05Demo_OOP", "05Demo_OOP\05Demo_OOP.csproj", "{40BFD534-C198-4377-9147-6E84B8173D72}"
EndProject
Project("{FAE04EC0-301F-11D3-BF4B-00C04F79EFBC}") = "006Demo_OOP", "006Demo_OOP\006Demo_OOP.csproj", "{B8BA89DC-A6CF-49D9-BD8A-631AC463AC17}"
EndProject
Project("{FAE04EC0-301F-11D3-BF4B-00C04F79EFBC}") = "07Demo_FormApp", "07Demo_FormApp\07Demo_FormApp.csproj", "{0A0D2868-C053-452E-B606-3BACBE495B5B}"
EndProject
Project("{FAE04EC0-301F-11D3-BF4B-00C04F79EFBC}") = "08Demo_EventsDelegates", "08Demo_EventsDelegates\08Demo_EventsDelegates.csproj", "{EE375D09-877B-4F9E-895F-4B400F47591C}"
EndProject
Project("{FAE04EC0-301F-11D3-BF4B-00C04F79EFBC}") = "09Demo_Revision", "09Demo_Revision\09Demo_Revision.csproj", "{30E79129-7F50-44AC-9C6E-BE7B6C11C4FB}"
EndProject
Project("{FAE04EC0-301F-11D3-BF4B-00C04F79EFBC}") = "10Demo_Revision", "10Demo_Revision\10Demo_Revision.csproj", "{85A6C4D7-2DDA-4545-9230-72ABD1A98D42}"
EndProject
Project("{FAE04EC0-301F-11D3-BF4B-00C04F79EFBC}") = "11Demo_Revision", "11Demo_Revision\11Demo_Revision.csproj", "{7CE861B8-59E4-4723-8D21-A1463750D2A2}"
EndProject
Project("{FAE04EC0-301F-11D3-BF4B-00C04F79EFBC}") = "12Demo_WinForm", "12Demo_WinForm\12Demo_WinForm.csproj", "{E50AEC16-0FB1-42B7-A848-DD21C5C44CBB}"
EndProject
Project("{FAE04EC0-301F-11D3-BF4B-00C04F79EFBC}") = "13Demo_Revision", "13Demo_Revision\13Demo_Revision.csproj", "{79E5D701-A7D2-4099-93D8-B607A8158143}"
EndProject
Project("{FAE04EC0-301F-11D3-BF4B-00C04F79EFBC}") = "14Demo_OOP", "14Demo_OOP\14Demo_OOP.csproj", "{98A5FAB5-68AB-460B-A778-ABD282C337D6}"
EndProject
Project("{FAE04EC0-301F-11D3-BF4B-00C04F79EFBC}") = "DBLib", "DBLib\DBLib.csproj", "{F69211CA-B161-4F5D-AAE5-F7E1F1170DF7}"
EndProject
Project("{FAE04EC0-301F-11D3-BF4B-00C04F79EFBC}") = "15Demo_OOP", "15Demo_OOP\15Demo_OOP.csproj", "{1D29E3D5-73C1-4842-B7AF-47BC329D36F1}"
EndProject
Project("{FAE04EC0-301F-11D3-BF4B-00C04F79EFBC}") = "16Demo_WinForm", "16Demo_WinForm\16Demo_WinForm.csproj", "{CA71CB6B-3E33-42F3-8146-DA47DE1BD366}"
EndProject
Project("{FAE04EC0-301F-11D3-BF4B-00C04F79EFBC}") = "17Demo_FileIO", "17Demo_FileIO\17Demo_FileIO.csproj", "{022396AF-BAD0-4A41-A284-5227601DB8C5}"
EndProject
Project("{FAE04EC0-301F-11D3-BF4B-00C04F79EFBC}") = "18Demo_Reflection", "18Demo_Reflection\18Demo_Reflection.csproj", "{1D1BE9E2-9188-4DB6-A8E1-7C65CCC74E21}"
EndProject
Project("{FAE04EC0-301F-11D3-BF4B-00C04F79EFBC}") = "19Demo_MyAttributes", "19Demo_MyAttributes\19Demo_MyAttributes.csproj", "{65424210-9E33-4ADE-9DA5-700E76015DF6}"
EndProject
Project("{FAE04EC0-301F-11D3-BF4B-00C04F79EFBC}") = "20Demo_POCO", "20Demo_POCO\20Demo_POCO.csproj", "{E00AAF3A-6F7E-460C-8423-05BA85C5F543}"
EndProject
Project("{FAE04EC0-301F-11D3-BF4B-00C04F79EFBC}") = "21Demo_Reflection", "21Demo_Reflection\21Demo_Reflection.csproj", "{21260C87-3A4E-4733-A179-BD871DF08E47}"
EndProject
Project("{FAE04EC0-301F-11D3-BF4B-00C04F79EFBC}") = "22Demo_Reflection", "22Demo_Reflection\22Demo_Reflection.csproj", "{C2DDAE5A-4362-4785-94A7-3DEFB9D7B301}"
EndProject
Project("{FAE04EC0-301F-11D3-BF4B-00C04F79EFBC}") = "23Demo_Collection", "23Demo_Collection\23Demo_Collection.csproj", "{DC995E56-E443-49F7-B8B3-DE0DFDB68D7F}"
EndProject
Project("{FAE04EC0-301F-11D3-BF4B-00C04F79EFBC}") = "24Demo_Generics", "24Demo_Generics\24Demo_Generics.csproj", "{D6D8F9B0-8EDE-4F72-A149-08EC917B3EC1}"
EndProject
Project("{FAE04EC0-301F-11D3-BF4B-00C04F79EFBC}") = "QueriesAfterSession", "QueriesAfterSession\QueriesAfterSession.csproj", "{C2FB0AF6-EE7D-418D-A333-1D97DE778546}"
EndProject
Project("{FAE04EC0-301F-11D3-BF4B-00C04F79EFBC}") = "25Demo_Interfaces", "25Demo_Interfaces\25Demo_Interfaces.csproj", "{0A9143B3-3775-498B-8EA9-984EA78879A1}"
EndProject
Project("{FAE04EC0-301F-11D3-BF4B-00C04F79EFBC}") = "26Demo_PubSub", "26Demo_PubSub\26Demo_PubSub.csproj", "{CC77B151-8F7B-4008-90DC-9249B3C01680}"
EndProject
Project("{FAE04EC0-301F-11D3-BF4B-00C04F79EFBC}") = "27Demo_Features", "27Demo_Features\27Demo_Features.csproj", "{58343C61-7FE7-4426-B5D2-99FF318C80F1}"
EndProject
Project("{FAE04EC0-301F-11D3-BF4B-00C04F79EFBC}") = "28Demo_Features", "28Demo_Features\28Demo_Features.csproj", "{41536B0A-538F-4A92-9EEB-130E1594D9CC}"
EndProject
Project("{FAE04EC0-301F-11D3-BF4B-00C04F79EFBC}") = "00029Demo_Features", "00029Demo_Features\00029Demo_Features.csproj", "{CE55A79B-2B9A-4840-ADFB-DC0C3C38EAC8}"
EndProject
Project("{FAE04EC0-301F-11D3-BF4B-00C04F79EFBC}") = "00030Demo_Features", "00030Demo_Features\00030Demo_Features.csproj", "{4B09BB96-E64A-466C-90B1-1C7264F94C34}"
EndProject
Project("{9A19103F-16F7-4668-BE54-9A1E7A4F7556}") = "00031DemoCore", "00031DemoCore\00031DemoCore.csproj", "{653D8672-6F65-45B1-84C4-AD9EDEFE749F}"
EndProject
Project("{FAE04EC0-301F-11D3-BF4B-00C04F79EFBC}") = "00031Demo_Core", "00031Demo_Core\00031Demo_Core.csproj", "{4DEBCB59-078A-46E0-AE99-1C1B0F205BF4}"
EndProject
Project("{FAE04EC0-301F-11D3-BF4B-00C04F79EFBC}") = "00032Demo_DB", "00032Demo_DB\00032Demo_DB.csproj", "{1B8C3C53-33AF-4950-9364-C828AF322CC0}"
EndProject
Project("{FAE04EC0-301F-11D3-BF4B-00C04F79EFBC}") = "00033Demo_DB", "00033Demo_DB\00033Demo_DB.csproj", "{0108B81C-EF27-4377-BEA1-727F11F15262}"
EndProject
Project("{FAE04EC0-301F-11D3-BF4B-00C04F79EFBC}") = "00034Demo_TestDataSetTable", "00034Demo_TestDataSetTable\00034Demo_TestDataSetTable.csproj", "{C93A1F15-91C0-4F35-B60A-0F852852B1E9}"
EndProject
Project("{FAE04EC0-301F-11D3-BF4B-00C04F79EFBC}") = "TestASPX", "TestASPX\TestASPX.csproj", "{67B6847B-82C7-411B-AFFF-8E90131DA7A5}"
EndProject
Project("{FAE04EC0-301F-11D3-BF4B-00C04F79EFBC}") = "TestProject", "TestProject\TestProject.csproj", "{0CB7EBC8-AC8A-4A9A-804E-DD311095C424}"
EndProject
Project("{FAE04EC0-301F-11D3-BF4B-00C04F79EFBC}") = "TestProjectTests", "TestProjectTests\TestProjectTests.csproj", "{059EFEF8-61EA-49BC-AE23-2E13C6069EA8}"
EndProject
Project("{FAE04EC0-301F-11D3-BF4B-00C04F79EFBC}") = "0000DemoMVC", "0000DemoMVC\0000DemoMVC.csproj", "{1E579801-5CA7-4CBA-8569-35AF573002A9}"
EndProject
Global
	GlobalSection(SolutionConfigurationPlatforms) = preSolution
		Debug|Any CPU = Debug|Any CPU
		Release|Any CPU = Release|Any CPU
	EndGlobalSection
	GlobalSection(ProjectConfigurationPlatforms) = postSolution
		{7FA3ECBC-6EC2-4CFC-916B-6BF6CA001780}.Debug|Any CPU.ActiveCfg = Debug|Any CPU
		{7FA3ECBC-6EC2-4CFC-916B-6BF6CA001780}.Debug|Any CPU.Build.0 = Debug|Any CPU
		{7FA3ECBC-6EC2-4CFC-916B-6BF6CA001780}.Release|Any CPU.ActiveCfg = Release|Any CPU
		{7FA3ECBC-6EC2-4CFC-916B-6BF6CA001780}.Release|Any CPU.Build.0 = Release|Any CPU
		{66DD2835-822D-41C5-BB92-F894D0A67D10}.Debug|Any CPU.ActiveCfg = Debug|Any CPU
		{66DD2835-822D-41C5-BB92-F894D0A67D10}.Debug|Any CPU.Build.0 = Debug|Any CPU
		{66DD2835-822D-41C5-BB92-F894D0A67D10}.Release|Any CPU.ActiveCfg = Release|Any CPU
		{66DD2835-822D-41C5-BB92-F894D0A67D10}.Release|Any CPU.Build.0 = Release|Any CPU
		{CF48BD41-56FD-4710-8646-58B359BDBBD8}.Debug|Any CPU.ActiveCfg = Debug|Any CPU
		{CF48BD41-56FD-4710-8646-58B359BDBBD8}.Debug|Any CPU.Build.0 = Debug|Any CPU
		{CF48BD41-56FD-4710-8646-58B359BDBBD8}.Release|Any CPU.ActiveCfg = Release|Any CPU
		{CF48BD41-56FD-4710-8646-58B359BDBBD8}.Release|Any CPU.Build.0 = Release|Any CPU
		{64A381F8-0110-4855-ADB7-E752AA543F0D}.Debug|Any CPU.ActiveCfg = Debug|Any CPU
		{64A381F8-0110-4855-ADB7-E752AA543F0D}.Debug|Any CPU.Build.0 = Debug|Any CPU
		{64A381F8-0110-4855-ADB7-E752AA543F0D}.Release|Any CPU.ActiveCfg = Release|Any CPU
		{64A381F8-0110-4855-ADB7-E752AA543F0D}.Release|Any CPU.Build.0 = Release|Any CPU
		{28D199C4-4EB5-4995-89F3-A23A4B33C10F}.Debug|Any CPU.ActiveCfg = Debug|Any CPU
		{28D199C4-4EB5-4995-89F3-A23A4B33C10F}.Debug|Any CPU.Build.0 = Debug|Any CPU
		{28D199C4-4EB5-4995-89F3-A23A4B33C10F}.Release|Any CPU.ActiveCfg = Release|Any CPU
		{28D199C4-4EB5-4995-89F3-A23A4B33C10F}.Release|Any CPU.Build.0 = Release|Any CPU
		{67BE7D90-8283-434B-A424-D62F97323C76}.Debug|Any CPU.ActiveCfg = Debug|Any CPU
		{67BE7D90-8283-434B-A424-D62F97323C76}.Debug|Any CPU.Build.0 = Debug|Any CPU
		{67BE7D90-8283-434B-A424-D62F97323C76}.Release|Any CPU.ActiveCfg = Release|Any CPU
		{67BE7D90-8283-434B-A424-D62F97323C76}.Release|Any CPU.Build.0 = Release|Any CPU
		{8AA5E986-E5E7-42C8-B1CD-39F8C47E769E}.Debug|Any CPU.ActiveCfg = Debug|Any CPU
		{8AA5E986-E5E7-42C8-B1CD-39F8C47E769E}.Debug|Any CPU.Build.0 = Debug|Any CPU
		{8AA5E986-E5E7-42C8-B1CD-39F8C47E769E}.Release|Any CPU.ActiveCfg = Release|Any CPU
		{8AA5E986-E5E7-42C8-B1CD-39F8C47E769E}.Release|Any CPU.Build.0 = Release|Any CPU
		{177D416F-031D-4DF1-BBAA-F946241351F6}.Debug|Any CPU.ActiveCfg = Debug|Any CPU
		{177D416F-031D-4DF1-BBAA-F946241351F6}.Debug|Any CPU.Build.0 = Debug|Any CPU
		{177D416F-031D-4DF1-BBAA-F946241351F6}.Release|Any CPU.ActiveCfg = Release|Any CPU
		{177D416F-031D-4DF1-BBAA-F946241351F6}.Release|Any CPU.Build.0 = Release|Any CPU
		{40BFD534-C198-4377-9147-6E84B8173D72}.Debug|Any CPU.ActiveCfg = Debug|Any CPU
		{40BFD534-C198-4377-9147-6E84B8173D72}.Debug|Any CPU.Build.0 = Debug|Any CPU
		{40BFD534-C198-4377-9147-6E84B8173D72}.Release|Any CPU.ActiveCfg = Release|Any CPU
		{40BFD534-C198-4377-9147-6E84B8173D72}.Release|Any CPU.Build.0 = Release|Any CPU
		{B8BA89DC-A6CF-49D9-BD8A-631AC463AC17}.Debug|Any CPU.ActiveCfg = Debug|Any CPU
		{B8BA89DC-A6CF-49D9-BD8A-631AC463AC17}.Debug|Any CPU.Build.0 = Debug|Any CPU
		{B8BA89DC-A6CF-49D9-BD8A-631AC463AC17}.Release|Any CPU.ActiveCfg = Release|Any CPU
		{B8BA89DC-A6CF-49D9-BD8A-631AC463AC17}.Release|Any CPU.Build.0 = Release|Any CPU
		{0A0D2868-C053-452E-B606-3BACBE495B5B}.Debug|Any CPU.ActiveCfg = Debug|Any CPU
		{0A0D2868-C053-452E-B606-3BACBE495B5B}.Debug|Any CPU.Build.0 = Debug|Any CPU
		{0A0D2868-C053-452E-B606-3BACBE495B5B}.Release|Any CPU.ActiveCfg = Release|Any CPU
		{0A0D2868-C053-452E-B606-3BACBE495B5B}.Release|Any CPU.Build.0 = Release|Any CPU
		{EE375D09-877B-4F9E-895F-4B400F47591C}.Debug|Any CPU.ActiveCfg = Debug|Any CPU
		{EE375D09-877B-4F9E-895F-4B400F47591C}.Debug|Any CPU.Build.0 = Debug|Any CPU
		{EE375D09-877B-4F9E-895F-4B400F47591C}.Release|Any CPU.ActiveCfg = Release|Any CPU
		{EE375D09-877B-4F9E-895F-4B400F47591C}.Release|Any CPU.Build.0 = Release|Any CPU
		{30E79129-7F50-44AC-9C6E-BE7B6C11C4FB}.Debug|Any CPU.ActiveCfg = Debug|Any CPU
		{30E79129-7F50-44AC-9C6E-BE7B6C11C4FB}.Debug|Any CPU.Build.0 = Debug|Any CPU
		{30E79129-7F50-44AC-9C6E-BE7B6C11C4FB}.Release|Any CPU.ActiveCfg = Release|Any CPU
		{30E79129-7F50-44AC-9C6E-BE7B6C11C4FB}.Release|Any CPU.Build.0 = Release|Any CPU
		{85A6C4D7-2DDA-4545-9230-72ABD1A98D42}.Debug|Any CPU.ActiveCfg = Debug|Any CPU
		{85A6C4D7-2DDA-4545-9230-72ABD1A98D42}.Debug|Any CPU.Build.0 = Debug|Any CPU
		{85A6C4D7-2DDA-4545-9230-72ABD1A98D42}.Release|Any CPU.ActiveCfg = Release|Any CPU
		{85A6C4D7-2DDA-4545-9230-72ABD1A98D42}.Release|Any CPU.Build.0 = Release|Any CPU
		{7CE861B8-59E4-4723-8D21-A1463750D2A2}.Debug|Any CPU.ActiveCfg = Debug|Any CPU
		{7CE861B8-59E4-4723-8D21-A1463750D2A2}.Debug|Any CPU.Build.0 = Debug|Any CPU
		{7CE861B8-59E4-4723-8D21-A1463750D2A2}.Release|Any CPU.ActiveCfg = Release|Any CPU
		{7CE861B8-59E4-4723-8D21-A1463750D2A2}.Release|Any CPU.Build.0 = Release|Any CPU
		{E50AEC16-0FB1-42B7-A848-DD21C5C44CBB}.Debug|Any CPU.ActiveCfg = Debug|Any CPU
		{E50AEC16-0FB1-42B7-A848-DD21C5C44CBB}.Debug|Any CPU.Build.0 = Debug|Any CPU
		{E50AEC16-0FB1-42B7-A848-DD21C5C44CBB}.Release|Any CPU.ActiveCfg = Release|Any CPU
		{E50AEC16-0FB1-42B7-A848-DD21C5C44CBB}.Release|Any CPU.Build.0 = Release|Any CPU
		{79E5D701-A7D2-4099-93D8-B607A8158143}.Debug|Any CPU.ActiveCfg = Debug|Any CPU
		{79E5D701-A7D2-4099-93D8-B607A8158143}.Debug|Any CPU.Build.0 = Debug|Any CPU
		{79E5D701-A7D2-4099-93D8-B607A8158143}.Release|Any CPU.ActiveCfg = Release|Any CPU
		{79E5D701-A7D2-4099-93D8-B607A8158143}.Release|Any CPU.Build.0 = Release|Any CPU
		{98A5FAB5-68AB-460B-A778-ABD282C337D6}.Debug|Any CPU.ActiveCfg = Debug|Any CPU
		{98A5FAB5-68AB-460B-A778-ABD282C337D6}.Debug|Any CPU.Build.0 = Debug|Any CPU
		{98A5FAB5-68AB-460B-A778-ABD282C337D6}.Release|Any CPU.ActiveCfg = Release|Any CPU
		{98A5FAB5-68AB-460B-A778-ABD282C337D6}.Release|Any CPU.Build.0 = Release|Any CPU
		{F69211CA-B161-4F5D-AAE5-F7E1F1170DF7}.Debug|Any CPU.ActiveCfg = Debug|Any CPU
		{F69211CA-B161-4F5D-AAE5-F7E1F1170DF7}.Debug|Any CPU.Build.0 = Debug|Any CPU
		{F69211CA-B161-4F5D-AAE5-F7E1F1170DF7}.Release|Any CPU.ActiveCfg = Release|Any CPU
		{F69211CA-B161-4F5D-AAE5-F7E1F1170DF7}.Release|Any CPU.Build.0 = Release|Any CPU
		{1D29E3D5-73C1-4842-B7AF-47BC329D36F1}.Debug|Any CPU.ActiveCfg = Debug|Any CPU
		{1D29E3D5-73C1-4842-B7AF-47BC329D36F1}.Debug|Any CPU.Build.0 = Debug|Any CPU
		{1D29E3D5-73C1-4842-B7AF-47BC329D36F1}.Release|Any CPU.ActiveCfg = Release|Any CPU
		{1D29E3D5-73C1-4842-B7AF-47BC329D36F1}.Release|Any CPU.Build.0 = Release|Any CPU
		{CA71CB6B-3E33-42F3-8146-DA47DE1BD366}.Debug|Any CPU.ActiveCfg = Debug|Any CPU
		{CA71CB6B-3E33-42F3-8146-DA47DE1BD366}.Debug|Any CPU.Build.0 = Debug|Any CPU
		{CA71CB6B-3E33-42F3-8146-DA47DE1BD366}.Release|Any CPU.ActiveCfg = Release|Any CPU
		{CA71CB6B-3E33-42F3-8146-DA47DE1BD366}.Release|Any CPU.Build.0 = Release|Any CPU
		{022396AF-BAD0-4A41-A284-5227601DB8C5}.Debug|Any CPU.ActiveCfg = Debug|Any CPU
		{022396AF-BAD0-4A41-A284-5227601DB8C5}.Debug|Any CPU.Build.0 = Debug|Any CPU
		{022396AF-BAD0-4A41-A284-5227601DB8C5}.Release|Any CPU.ActiveCfg = Release|Any CPU
		{022396AF-BAD0-4A41-A284-5227601DB8C5}.Release|Any CPU.Build.0 = Release|Any CPU
		{1D1BE9E2-9188-4DB6-A8E1-7C65CCC74E21}.Debug|Any CPU.ActiveCfg = Debug|Any CPU
		{1D1BE9E2-9188-4DB6-A8E1-7C65CCC74E21}.Debug|Any CPU.Build.0 = Debug|Any CPU
		{1D1BE9E2-9188-4DB6-A8E1-7C65CCC74E21}.Release|Any CPU.ActiveCfg = Release|Any CPU
		{1D1BE9E2-9188-4DB6-A8E1-7C65CCC74E21}.Release|Any CPU.Build.0 = Release|Any CPU
		{65424210-9E33-4ADE-9DA5-700E76015DF6}.Debug|Any CPU.ActiveCfg = Debug|Any CPU
		{65424210-9E33-4ADE-9DA5-700E76015DF6}.Debug|Any CPU.Build.0 = Debug|Any CPU
		{65424210-9E33-4ADE-9DA5-700E76015DF6}.Release|Any CPU.ActiveCfg = Release|Any CPU
		{65424210-9E33-4ADE-9DA5-700E76015DF6}.Release|Any CPU.Build.0 = Release|Any CPU
		{E00AAF3A-6F7E-460C-8423-05BA85C5F543}.Debug|Any CPU.ActiveCfg = Debug|Any CPU
		{E00AAF3A-6F7E-460C-8423-05BA85C5F543}.Debug|Any CPU.Build.0 = Debug|Any CPU
		{E00AAF3A-6F7E-460C-8423-05BA85C5F543}.Release|Any CPU.ActiveCfg = Release|Any CPU
		{E00AAF3A-6F7E-460C-8423-05BA85C5F543}.Release|Any CPU.Build.0 = Release|Any CPU
		{21260C87-3A4E-4733-A179-BD871DF08E47}.Debug|Any CPU.ActiveCfg = Debug|Any CPU
		{21260C87-3A4E-4733-A179-BD871DF08E47}.Debug|Any CPU.Build.0 = Debug|Any CPU
		{21260C87-3A4E-4733-A179-BD871DF08E47}.Release|Any CPU.ActiveCfg = Release|Any CPU
		{21260C87-3A4E-4733-A179-BD871DF08E47}.Release|Any CPU.Build.0 = Release|Any CPU
		{C2DDAE5A-4362-4785-94A7-3DEFB9D7B301}.Debug|Any CPU.ActiveCfg = Debug|Any CPU
		{C2DDAE5A-4362-4785-94A7-3DEFB9D7B301}.Debug|Any CPU.Build.0 = Debug|Any CPU
		{C2DDAE5A-4362-4785-94A7-3DEFB9D7B301}.Release|Any CPU.ActiveCfg = Release|Any CPU
		{C2DDAE5A-4362-4785-94A7-3DEFB9D7B301}.Release|Any CPU.Build.0 = Release|Any CPU
		{DC995E56-E443-49F7-B8B3-DE0DFDB68D7F}.Debug|Any CPU.ActiveCfg = Debug|Any CPU
		{DC995E56-E443-49F7-B8B3-DE0DFDB68D7F}.Debug|Any CPU.Build.0 = Debug|Any CPU
		{DC995E56-E443-49F7-B8B3-DE0DFDB68D7F}.Release|Any CPU.ActiveCfg = Release|Any CPU
		{DC995E56-E443-49F7-B8B3-DE0DFDB68D7F}.Release|Any CPU.Build.0 = Release|Any CPU
		{D6D8F9B0-8EDE-4F72-A149-08EC917B3EC1}.Debug|Any CPU.ActiveCfg = Debug|Any CPU
		{D6D8F9B0-8EDE-4F72-A149-08EC917B3EC1}.Debug|Any CPU.Build.0 = Debug|Any CPU
		{D6D8F9B0-8EDE-4F72-A149-08EC917B3EC1}.Release|Any CPU.ActiveCfg = Release|Any CPU
		{D6D8F9B0-8EDE-4F72-A149-08EC917B3EC1}.Release|Any CPU.Build.0 = Release|Any CPU
		{C2FB0AF6-EE7D-418D-A333-1D97DE778546}.Debug|Any CPU.ActiveCfg = Debug|Any CPU
		{C2FB0AF6-EE7D-418D-A333-1D97DE778546}.Debug|Any CPU.Build.0 = Debug|Any CPU
		{C2FB0AF6-EE7D-418D-A333-1D97DE778546}.Release|Any CPU.ActiveCfg = Release|Any CPU
		{C2FB0AF6-EE7D-418D-A333-1D97DE778546}.Release|Any CPU.Build.0 = Release|Any CPU
		{0A9143B3-3775-498B-8EA9-984EA78879A1}.Debug|Any CPU.ActiveCfg = Debug|Any CPU
		{0A9143B3-3775-498B-8EA9-984EA78879A1}.Debug|Any CPU.Build.0 = Debug|Any CPU
		{0A9143B3-3775-498B-8EA9-984EA78879A1}.Release|Any CPU.ActiveCfg = Release|Any CPU
		{0A9143B3-3775-498B-8EA9-984EA78879A1}.Release|Any CPU.Build.0 = Release|Any CPU
		{CC77B151-8F7B-4008-90DC-9249B3C01680}.Debug|Any CPU.ActiveCfg = Debug|Any CPU
		{CC77B151-8F7B-4008-90DC-9249B3C01680}.Debug|Any CPU.Build.0 = Debug|Any CPU
		{CC77B151-8F7B-4008-90DC-9249B3C01680}.Release|Any CPU.ActiveCfg = Release|Any CPU
		{CC77B151-8F7B-4008-90DC-9249B3C01680}.Release|Any CPU.Build.0 = Release|Any CPU
		{58343C61-7FE7-4426-B5D2-99FF318C80F1}.Debug|Any CPU.ActiveCfg = Debug|Any CPU
		{58343C61-7FE7-4426-B5D2-99FF318C80F1}.Debug|Any CPU.Build.0 = Debug|Any CPU
		{58343C61-7FE7-4426-B5D2-99FF318C80F1}.Release|Any CPU.ActiveCfg = Release|Any CPU
		{58343C61-7FE7-4426-B5D2-99FF318C80F1}.Release|Any CPU.Build.0 = Release|Any CPU
		{41536B0A-538F-4A92-9EEB-130E1594D9CC}.Debug|Any CPU.ActiveCfg = Debug|Any CPU
		{41536B0A-538F-4A92-9EEB-130E1594D9CC}.Debug|Any CPU.Build.0 = Debug|Any CPU
		{41536B0A-538F-4A92-9EEB-130E1594D9CC}.Release|Any CPU.ActiveCfg = Release|Any CPU
		{41536B0A-538F-4A92-9EEB-130E1594D9CC}.Release|Any CPU.Build.0 = Release|Any CPU
		{CE55A79B-2B9A-4840-ADFB-DC0C3C38EAC8}.Debug|Any CPU.ActiveCfg = Debug|Any CPU
		{CE55A79B-2B9A-4840-ADFB-DC0C3C38EAC8}.Debug|Any CPU.Build.0 = Debug|Any CPU
		{CE55A79B-2B9A-4840-ADFB-DC0C3C38EAC8}.Release|Any CPU.ActiveCfg = Release|Any CPU
		{CE55A79B-2B9A-4840-ADFB-DC0C3C38EAC8}.Release|Any CPU.Build.0 = Release|Any CPU
		{4B09BB96-E64A-466C-90B1-1C7264F94C34}.Debug|Any CPU.ActiveCfg = Debug|Any CPU
		{4B09BB96-E64A-466C-90B1-1C7264F94C34}.Debug|Any CPU.Build.0 = Debug|Any CPU
		{4B09BB96-E64A-466C-90B1-1C7264F94C34}.Release|Any CPU.ActiveCfg = Release|Any CPU
		{4B09BB96-E64A-466C-90B1-1C7264F94C34}.Release|Any CPU.Build.0 = Release|Any CPU
		{653D8672-6F65-45B1-84C4-AD9EDEFE749F}.Debug|Any CPU.ActiveCfg = Debug|Any CPU
		{653D8672-6F65-45B1-84C4-AD9EDEFE749F}.Debug|Any CPU.Build.0 = Debug|Any CPU
		{653D8672-6F65-45B1-84C4-AD9EDEFE749F}.Release|Any CPU.ActiveCfg = Release|Any CPU
		{653D8672-6F65-45B1-84C4-AD9EDEFE749F}.Release|Any CPU.Build.0 = Release|Any CPU
		{4DEBCB59-078A-46E0-AE99-1C1B0F205BF4}.Debug|Any CPU.ActiveCfg = Debug|Any CPU
		{4DEBCB59-078A-46E0-AE99-1C1B0F205BF4}.Debug|Any CPU.Build.0 = Debug|Any CPU
		{4DEBCB59-078A-46E0-AE99-1C1B0F205BF4}.Release|Any CPU.ActiveCfg = Release|Any CPU
		{4DEBCB59-078A-46E0-AE99-1C1B0F205BF4}.Release|Any CPU.Build.0 = Release|Any CPU
		{1B8C3C53-33AF-4950-9364-C828AF322CC0}.Debug|Any CPU.ActiveCfg = Debug|Any CPU
		{1B8C3C53-33AF-4950-9364-C828AF322CC0}.Debug|Any CPU.Build.0 = Debug|Any CPU
		{1B8C3C53-33AF-4950-9364-C828AF322CC0}.Release|Any CPU.ActiveCfg = Release|Any CPU
		{1B8C3C53-33AF-4950-9364-C828AF322CC0}.Release|Any CPU.Build.0 = Release|Any CPU
		{0108B81C-EF27-4377-BEA1-727F11F15262}.Debug|Any CPU.ActiveCfg = Debug|Any CPU
		{0108B81C-EF27-4377-BEA1-727F11F15262}.Debug|Any CPU.Build.0 = Debug|Any CPU
		{0108B81C-EF27-4377-BEA1-727F11F15262}.Release|Any CPU.ActiveCfg = Release|Any CPU
		{0108B81C-EF27-4377-BEA1-727F11F15262}.Release|Any CPU.Build.0 = Release|Any CPU
		{C93A1F15-91C0-4F35-B60A-0F852852B1E9}.Debug|Any CPU.ActiveCfg = Debug|Any CPU
		{C93A1F15-91C0-4F35-B60A-0F852852B1E9}.Debug|Any CPU.Build.0 = Debug|Any CPU
		{C93A1F15-91C0-4F35-B60A-0F852852B1E9}.Release|Any CPU.ActiveCfg = Release|Any CPU
		{C93A1F15-91C0-4F35-B60A-0F852852B1E9}.Release|Any CPU.Build.0 = Release|Any CPU
		{67B6847B-82C7-411B-AFFF-8E90131DA7A5}.Debug|Any CPU.ActiveCfg = Debug|Any CPU
		{67B6847B-82C7-411B-AFFF-8E90131DA7A5}.Debug|Any CPU.Build.0 = Debug|Any CPU
		{67B6847B-82C7-411B-AFFF-8E90131DA7A5}.Release|Any CPU.ActiveCfg = Release|Any CPU
		{67B6847B-82C7-411B-AFFF-8E90131DA7A5}.Release|Any CPU.Build.0 = Release|Any CPU
		{0CB7EBC8-AC8A-4A9A-804E-DD311095C424}.Debug|Any CPU.ActiveCfg = Debug|Any CPU
		{0CB7EBC8-AC8A-4A9A-804E-DD311095C424}.Debug|Any CPU.Build.0 = Debug|Any CPU
		{0CB7EBC8-AC8A-4A9A-804E-DD311095C424}.Release|Any CPU.ActiveCfg = Release|Any CPU
		{0CB7EBC8-AC8A-4A9A-804E-DD311095C424}.Release|Any CPU.Build.0 = Release|Any CPU
		{059EFEF8-61EA-49BC-AE23-2E13C6069EA8}.Debug|Any CPU.ActiveCfg = Debug|Any CPU
		{059EFEF8-61EA-49BC-AE23-2E13C6069EA8}.Debug|Any CPU.Build.0 = Debug|Any CPU
		{059EFEF8-61EA-49BC-AE23-2E13C6069EA8}.Release|Any CPU.ActiveCfg = Release|Any CPU
		{059EFEF8-61EA-49BC-AE23-2E13C6069EA8}.Release|Any CPU.Build.0 = Release|Any CPU
		{1E579801-5CA7-4CBA-8569-35AF573002A9}.Debug|Any CPU.ActiveCfg = Debug|Any CPU
		{1E579801-5CA7-4CBA-8569-35AF573002A9}.Debug|Any CPU.Build.0 = Debug|Any CPU
		{1E579801-5CA7-4CBA-8569-35AF573002A9}.Release|Any CPU.ActiveCfg = Release|Any CPU
		{1E579801-5CA7-4CBA-8569-35AF573002A9}.Release|Any CPU.Build.0 = Release|Any CPU
	EndGlobalSection
	GlobalSection(SolutionProperties) = preSolution
		HideSolutionNode = FALSE
	EndGlobalSection
	GlobalSection(ExtensibilityGlobals) = postSolution
		SolutionGuid = {40CA7503-7303-4277-862C-785B288F55FF}
	EndGlobalSection
EndGlobal
